
Microsoft Visual Studio Solution File, Format Version 12.00
# Visual Studio Version 17
VisualStudioVersion = 17.2.32505.173
MinimumVisualStudioVersion = 10.0.40219.1
Project("{9A19103F-16F7-4668-BE54-9A1E7A4F7556}") = "Infrastructure.Data", "Infrastructure.Data\Infrastructure.Data.csproj", "{622472F6-7CDB-422A-961F-E38954FD7F4E}"
EndProject
Project("{9A19103F-16F7-4668-BE54-9A1E7A4F7556}") = "Domain", "Domain\Domain.csproj", "{59AC5063-A6FE-4706-9AF9-40280DE273CB}"
EndProject
Project("{9A19103F-16F7-4668-BE54-9A1E7A4F7556}") = "Application", "Application\Application.csproj", "{008AD5D6-DB07-43A9-91B6-3FFDAD490571}"
EndProject
Project("{9A19103F-16F7-4668-BE54-9A1E7A4F7556}") = "WebApi", "WebApi\WebApi.csproj", "{443450E2-E3BA-4269-BC7F-282C4E52EDAC}"
EndProject
Global
	GlobalSection(SolutionConfigurationPlatforms) = preSolution
		Debug|Any CPU = Debug|Any CPU
		Release|Any CPU = Release|Any CPU
	EndGlobalSection
	GlobalSection(ProjectConfigurationPlatforms) = postSolution
		{622472F6-7CDB-422A-961F-E38954FD7F4E}.Debug|Any CPU.ActiveCfg = Debug|Any CPU
		{622472F6-7CDB-422A-961F-E38954FD7F4E}.Debug|Any CPU.Build.0 = Debug|Any CPU
		{622472F6-7CDB-422A-961F-E38954FD7F4E}.Release|Any CPU.ActiveCfg = Release|Any CPU
		{622472F6-7CDB-422A-961F-E38954FD7F4E}.Release|Any CPU.Build.0 = Release|Any CPU
		{59AC5063-A6FE-4706-9AF9-40280DE273CB}.Debug|Any CPU.ActiveCfg = Debug|Any CPU
		{59AC5063-A6FE-4706-9AF9-40280DE273CB}.Debug|Any CPU.Build.0 = Debug|Any CPU
		{59AC5063-A6FE-4706-9AF9-40280DE273CB}.Release|Any CPU.ActiveCfg = Release|Any CPU
		{59AC5063-A6FE-4706-9AF9-40280DE273CB}.Release|Any CPU.Build.0 = Release|Any CPU
		{008AD5D6-DB07-43A9-91B6-3FFDAD490571}.Debug|Any CPU.ActiveCfg = Debug|Any CPU
		{008AD5D6-DB07-43A9-91B6-3FFDAD490571}.Debug|Any CPU.Build.0 = Debug|Any CPU
		{008AD5D6-DB07-43A9-91B6-3FFDAD490571}.Release|Any CPU.ActiveCfg = Release|Any CPU
		{008AD5D6-DB07-43A9-91B6-3FFDAD490571}.Release|Any CPU.Build.0 = Release|Any CPU
		{443450E2-E3BA-4269-BC7F-282C4E52EDAC}.Debug|Any CPU.ActiveCfg = Debug|Any CPU
		{443450E2-E3BA-4269-BC7F-282C4E52EDAC}.Debug|Any CPU.Build.0 = Debug|Any CPU
		{443450E2-E3BA-4269-BC7F-282C4E52EDAC}.Release|Any CPU.ActiveCfg = Release|Any CPU
		{443450E2-E3BA-4269-BC7F-282C4E52EDAC}.Release|Any CPU.Build.0 = Release|Any CPU
	EndGlobalSection
	GlobalSection(SolutionProperties) = preSolution
		HideSolutionNode = FALSE
	EndGlobalSection
	GlobalSection(ExtensibilityGlobals) = postSolution
		SolutionGuid = {6A6284C8-FA4A-4635-960A-B5D32F911A9F}
	EndGlobalSection
EndGlobal
